
Microsoft Visual Studio Solution File, Format Version 12.00
# Visual Studio 15
VisualStudioVersion = 15.0.26228.9
MinimumVisualStudioVersion = 10.0.40219.1
Project("{FAE04EC0-301F-11D3-BF4B-00C04F79EFBC}") = "HackAtHome.Client", "HackAtHomeClient\HackAtHome.Client.csproj", "{5181AE6B-4957-4FCA-80E3-3B3C744893F3}"
EndProject
Project("{FAE04EC0-301F-11D3-BF4B-00C04F79EFBC}") = "HackAtHome.CustomAdapters", "HackAtHome.CustomAdapters\HackAtHome.CustomAdapters.csproj", "{6FAAEE05-281A-460B-BC8B-1CB26FEF5C49}"
EndProject
Project("{FAE04EC0-301F-11D3-BF4B-00C04F79EFBC}") = "HackAtHome.Entities", "HackAtHome.Entities\HackAtHome.Entities.csproj", "{2B48A32A-B3D9-4485-BB3E-5DF258A4C9BB}"
EndProject
Project("{FAE04EC0-301F-11D3-BF4B-00C04F79EFBC}") = "HackAtHome.SAL", "HackAtHome.SAL\HackAtHome.SAL.csproj", "{FCD8BA0B-6839-4D70-878A-FC03C8301B8E}"
EndProject
Global
	GlobalSection(SolutionConfigurationPlatforms) = preSolution
		Debug|Any CPU = Debug|Any CPU
		Release|Any CPU = Release|Any CPU
	EndGlobalSection
	GlobalSection(ProjectConfigurationPlatforms) = postSolution
		{5181AE6B-4957-4FCA-80E3-3B3C744893F3}.Debug|Any CPU.ActiveCfg = Debug|Any CPU
		{5181AE6B-4957-4FCA-80E3-3B3C744893F3}.Debug|Any CPU.Build.0 = Debug|Any CPU
		{5181AE6B-4957-4FCA-80E3-3B3C744893F3}.Debug|Any CPU.Deploy.0 = Debug|Any CPU
		{5181AE6B-4957-4FCA-80E3-3B3C744893F3}.Release|Any CPU.ActiveCfg = Release|Any CPU
		{5181AE6B-4957-4FCA-80E3-3B3C744893F3}.Release|Any CPU.Build.0 = Release|Any CPU
		{5181AE6B-4957-4FCA-80E3-3B3C744893F3}.Release|Any CPU.Deploy.0 = Release|Any CPU
		{6FAAEE05-281A-460B-BC8B-1CB26FEF5C49}.Debug|Any CPU.ActiveCfg = Debug|Any CPU
		{6FAAEE05-281A-460B-BC8B-1CB26FEF5C49}.Debug|Any CPU.Build.0 = Debug|Any CPU
		{6FAAEE05-281A-460B-BC8B-1CB26FEF5C49}.Release|Any CPU.ActiveCfg = Release|Any CPU
		{6FAAEE05-281A-460B-BC8B-1CB26FEF5C49}.Release|Any CPU.Build.0 = Release|Any CPU
		{2B48A32A-B3D9-4485-BB3E-5DF258A4C9BB}.Debug|Any CPU.ActiveCfg = Debug|Any CPU
		{2B48A32A-B3D9-4485-BB3E-5DF258A4C9BB}.Debug|Any CPU.Build.0 = Debug|Any CPU
		{2B48A32A-B3D9-4485-BB3E-5DF258A4C9BB}.Release|Any CPU.ActiveCfg = Release|Any CPU
		{2B48A32A-B3D9-4485-BB3E-5DF258A4C9BB}.Release|Any CPU.Build.0 = Release|Any CPU
		{FCD8BA0B-6839-4D70-878A-FC03C8301B8E}.Debug|Any CPU.ActiveCfg = Debug|Any CPU
		{FCD8BA0B-6839-4D70-878A-FC03C8301B8E}.Debug|Any CPU.Build.0 = Debug|Any CPU
		{FCD8BA0B-6839-4D70-878A-FC03C8301B8E}.Release|Any CPU.ActiveCfg = Release|Any CPU
		{FCD8BA0B-6839-4D70-878A-FC03C8301B8E}.Release|Any CPU.Build.0 = Release|Any CPU
	EndGlobalSection
	GlobalSection(SolutionProperties) = preSolution
		HideSolutionNode = FALSE
	EndGlobalSection
EndGlobal
